lockfileVersion: '9.0'

settings:
  autoInstallPeers: true
  excludeLinksFromLockfile: false

importers:

  .:
    devDependencies:
      '@types/bun':
        specifier: latest
        version: 1.3.9
      typescript:
        specifier: ^5
        version: 5.9.3

  packages/one:
    devDependencies:
      '@types/bun':
        specifier: latest
        version: 1.3.9
      tsdown:
        specifier: ^0.20.3
        version: 0.20.3(oxc-resolver@11.17.1)(typescript@5.9.3)
      typescript:
        specifier: ^5
        version: 5.9.3

  packages/three:
    dependencies:
      '@repo/one':
        specifier: workspace:^
        version: link:../one
      '@repo/two':
        specifier: workspace:^
        version: link:../two
    devDependencies:
      '@types/bun':
        specifier: latest
        version: 1.3.9
      typescript:
        specifier: ^5
        version: 5.9.3

  packages/two:
    devDependencies:
      '@types/bun':
        specifier: latest
        version: 1.3.9
      bunup:
        specifier: ^0.16.28
        version: 0.16.28(typescript@5.9.3)
      typescript:
        specifier: ^5
        version: 5.9.3

packages:

  '@babel/generator@8.0.0-rc.1':
    resolution: {integrity: sha512-3ypWOOiC4AYHKr8vYRVtWtWmyvcoItHtVqF8paFax+ydpmUdPsJpLBkBBs5ItmhdrwC3a0ZSqqFAdzls4ODP3w==}
    engines: {node: ^20.19.0 || >=22.12.0}

  '@babel/helper-string-parser@7.27.1':
    resolution: {integrity: sha512-qMlSxKbpRlAridDExk92nSobyDdpPijUq2DW6oDnUqd0iOGxmQjyqhMIihI9+zv4LPyZdRje2cavWPbCbWm3eA==}
    engines: {node: '>=6.9.0'}

  '@babel/helper-string-parser@8.0.0-rc.2':
    resolution: {integrity: sha512-noLx87RwlBEMrTzncWd/FvTxoJ9+ycHNg0n8yyYydIoDsLZuxknKgWRJUqcrVkNrJ74uGyhWQzQaS3q8xfGAhQ==}
    engines: {node: ^20.19.0 || >=22.12.0}

  '@babel/helper-validator-identifier@7.28.5':
    resolution: {integrity: sha512-qSs4ifwzKJSV39ucNjsvc6WVHs6b7S03sOh2OcHF9UHfVPqWWALUsNUVzhSBiItjRZoLHx7nIarVjqKVusUZ1Q==}
    engines: {node: '>=6.9.0'}

  '@babel/helper-validator-identifier@8.0.0-rc.1':
    resolution: {integrity: sha512-I4YnARytXC2RzkLNVnf5qFNFMzp679qZpmtw/V3Jt2uGnWiIxyJtaukjG7R8pSx8nG2NamICpGfljQsogj+FbQ==}
    engines: {node: ^20.19.0 || >=22.12.0}

  '@babel/parser@7.29.0':
    resolution: {integrity: sha512-IyDgFV5GeDUVX4YdF/3CPULtVGSXXMLh1xVIgdCgxApktqnQV0r7/8Nqthg+8YLGaAtdyIlo2qIdZrbCv4+7ww==}
    engines: {node: '>=6.0.0'}
    hasBin: true

  '@babel/parser@8.0.0-rc.1':
    resolution: {integrity: sha512-6HyyU5l1yK/7h9Ki52i5h6mDAx4qJdiLQO4FdCyJNoB/gy3T3GGJdhQzzbZgvgZCugYBvwtQiWRt94QKedHnkA==}
    engines: {node: ^20.19.0 || >=22.12.0}
    hasBin: true

  '@babel/types@7.29.0':
    resolution: {integrity: sha512-LwdZHpScM4Qz8Xw2iKSzS+cfglZzJGvofQICy7W7v4caru4EaAmyUuO6BGrbyQ2mYV11W0U8j5mBhd14dd3B0A==}
    engines: {node: '>=6.9.0'}

  '@babel/types@8.0.0-rc.1':
    resolution: {integrity: sha512-ubmJ6TShyaD69VE9DQrlXcdkvJbmwWPB8qYj0H2kaJi29O7vJT9ajSdBd2W8CG34pwL9pYA74fi7RHC1qbLoVQ==}
    engines: {node: ^20.19.0 || >=22.12.0}

  '@bunup/dts@0.14.52':
    resolution: {integrity: sha512-k4cIT4m3teOBxcQ+Ch3zK86AsAaa3/XAZCSqCTvJSIyT8LfSyx2wYZJu5Sl12DeMf0VtgLgvAbdYqR7wstdbig==}
    peerDependencies:
      typescript: '>=4.5.0'
    peerDependenciesMeta:
      typescript:
        optional: true

  '@bunup/shared@0.16.23':
    resolution: {integrity: sha512-R2dXtYIfXETY63s1iu9u1or0rKexFNHtd+4nlE4/nhjcW41wGFfR2Q9ZowbykzuxBRA5GzSlhB6Wk9UgXf6GCQ==}
    peerDependencies:
      typescript: latest
    peerDependenciesMeta:
      typescript:
        optional: true

  '@emnapi/core@1.8.1':
    resolution: {integrity: sha512-AvT9QFpxK0Zd8J0jopedNm+w/2fIzvtPKPjqyw9jwvBaReTTqPBk9Hixaz7KbjimP+QNz605/XnjFcDAL2pqBg==}

  '@emnapi/runtime@1.8.1':
    resolution: {integrity: sha512-mehfKSMWjjNol8659Z8KxEMrdSJDDot5SXMq00dM8BN4o+CLNXQ0xH2V7EchNHV4RmbZLmmPdEaXZc5H2FXmDg==}

  '@emnapi/wasi-threads@1.1.0':
    resolution: {integrity: sha512-WI0DdZ8xFSbgMjR1sFsKABJ/C5OnRrjT06JXbZKexJGrDuPTzZdDYfFlsgcCXCyf+suG5QU2e/y1Wo2V/OapLQ==}

  '@jridgewell/gen-mapping@0.3.13':
    resolution: {integrity: sha512-2kkt/7niJ6MgEPxF0bYdQ6etZaA+fQvDcLKckhy1yIQOzaoKjBBjSj63/aLVjYE3qhRt5dvM+uUyfCg6UKCBbA==}

  '@jridgewell/resolve-uri@3.1.2':
    resolution: {integrity: sha512-bRISgCIjP20/tbWSPWMEi54QVPRZExkuD9lJL+UIxUKtwVJA8wW1Trb1jMs1RFXo1CBTNZ/5hpC9QvmKWdopKw==}
    engines: {node: '>=6.0.0'}

  '@jridgewell/sourcemap-codec@1.5.5':
    resolution: {integrity: sha512-cYQ9310grqxueWbl+WuIUIaiUaDcj7WOq5fVhEljNVgRfOUhY9fy2zTvfoqWsnebh8Sl70VScFbICvJnLKB0Og==}

  '@jridgewell/trace-mapping@0.3.31':
    resolution: {integrity: sha512-zzNR+SdQSDJzc8joaeP8QQoCQr8NuYx2dIIytl1QeBEZHJ9uW6hebsrYgbz8hJwUQao3TWCMtmfV8Nu1twOLAw==}

  '@napi-rs/wasm-runtime@1.1.1':
    resolution: {integrity: sha512-p64ah1M1ld8xjWv3qbvFwHiFVWrq1yFvV4f7w+mzaqiR4IlSgkqhcRdHwsGgomwzBH51sRY4NEowLxnaBjcW/A==}

  '@oxc-minify/binding-android-arm64@0.93.0':
    resolution: {integrity: sha512-N3j/JoK4hXwQbnyOJoEltM8MEkddWV3XtfYimO6jsMjr5R6QdauKaSVeQHO/lSezB7SFkrMPqr6X7tBfghHiXA==}
    engines: {node: ^20.19.0 || >=22.12.0}
    cpu: [arm64]
    os: [android]

  '@oxc-minify/binding-darwin-arm64@0.93.0':
    resolution: {integrity: sha512-kLJJe7uBE+a9ql6eLGAtJ1g1LuEXi4aHbsiu342wGe+wRieSPi/Cx0aeDsQjdetwK5mqJWjWS2FO/n03jiw+IQ==}
    engines: {node: ^20.19.0 || >=22.12.0}
    cpu: [arm64]
    os: [darwin]

  '@oxc-minify/binding-darwin-x64@0.93.0':
    resolution: {integrity: sha512-0g6sVLaatgJpD28et/ykZCr5MHn7SWOblRCpXS47vcVmRyBFnUt21oiv3RqKacl1LKgk3czDHHribEfRyygiVw==}
    engines: {node: ^20.19.0 || >=22.12.0}
    cpu: [x64]
    os: [darwin]

  '@oxc-minify/binding-freebsd-x64@0.93.0':
    resolution: {integrity: sha512-h8HUtllzBHIx31Uxx1maxd7ur4lMi0qoz0OzoqiohZ1/Ty5GZDe3F/yd6mN4M913e4xrNlcGLFaN8tI9W+Fstw==}
    engines: {node: ^20.19.0 || >=22.12.0}
    cpu: [x64]
    os: [freebsd]

  '@oxc-minify/binding-linux-arm-gnueabihf@0.93.0':
    resolution: {integrity: sha512-CIElV4OLqkt5PJtirJ1ZRNvKkELhPkDWZmYpiDRI43mQl6Hkt0YsoBAeFKqrwx3AfwAYWvbFjHII++S+Vvnc4A==}
    engines: {node: ^20.19.0 || >=22.12.0}
    cpu: [arm]
    os: [linux]

  '@oxc-minify/binding-linux-arm-musleabihf@0.93.0':
    resolution: {integrity: sha512-AOvZfiwnNULzSHxtW0BO0VXrFzDDFcknLZzQLZF8z9i070un+0S2Q3oZtA13gx7Z7LFJ87+/gKmgSKjHUI1Mzg==}
    engines: {node: ^20.19.0 || >=22.12.0}
    cpu: [arm]
    os: [linux]

  '@oxc-minify/binding-linux-arm64-gnu@0.93.0':
    resolution: {integrity: sha512-RNBTRvQ3XiVwoDU12y92HCwkznRb5N5ybGqC1Jt/eyWuRDI2838rzcoTrHQ/oke9/u4vHZ1lZwabR8z+VALE1g==}
    engines: {node: ^20.19.0 || >=22.12.0}
    cpu: [arm64]
    os: [linux]
    libc: [glibc]

  '@oxc-minify/binding-linux-arm64-musl@0.93.0':
    resolution: {integrity: sha512-qtE6qL7HC61rLKQBCvgsNJ9Bvvhe4U6V9VBPmvFw1SKRhoUp3PAzkWGnrvAgqQQnFaP34sUq/P4YmXmWL9m7bw==}
    engines: {node: ^20.19.0 || >=22.12.0}
    cpu: [arm64]
    os: [linux]
    libc: [musl]

  '@oxc-minify/binding-linux-riscv64-gnu@0.93.0':
    resolution: {integrity: sha512-2/8Y2lY8Klns2xrOufR26SR6Ci79NbOR89vuQJCjQwVS7Veb8Gk3lJWn6XRna2QxdvjMQ+6+kmW2/CajJED1rg==}
    engines: {node: ^20.19.0 || >=22.12.0}
    cpu: [riscv64]
    os: [linux]
    libc: [glibc]

  '@oxc-minify/binding-linux-s390x-gnu@0.93.0':
    resolution: {integrity: sha512-0TyiFgN1NPBQcKbdOh4VDt16kaFknKRXvmVshblEqp0JdwZeHFDCWVsTdpFH+NCbnUuzeY932IeP18dUnT/BVw==}
    engines: {node: ^20.19.0 || >=22.12.0}
    cpu: [s390x]
    os: [linux]
    libc: [glibc]

  '@oxc-minify/binding-linux-x64-gnu@0.93.0':
    resolution: {integrity: sha512-2vc22dp1RtbfKUM3DbkOvEwGa11JsjAdLHXBAAAkNAqD/ux+ERwLscoP2O71I5jXMTbeHe6eDem6gldyiWr76Q==}
    engines: {node: ^20.19.0 || >=22.12.0}
    cpu: [x64]
    os: [linux]
    libc: [glibc]

  '@oxc-minify/binding-linux-x64-musl@0.93.0':
    resolution: {integrity: sha512-o7vVnDnF5k3xlgINjL7D2R9v47jczG5Jk+4xeZ+O9c9XxSx4jvGTqtBWf1Ka95fupJEm2QpSrO+wlA14exF3kA==}
    engines: {node: ^20.19.0 || >=22.12.0}
    cpu: [x64]
    os: [linux]
    libc: [musl]

  '@oxc-minify/binding-wasm32-wasi@0.93.0':
    resolution: {integrity: sha512-cW338ha926sD39uRDOrD/OMBgzosVtVPthXj1cl5rW9OQxuduXNqWbn/rJCA4X16T3IUcUnIbP2oCR8NI9D9xw==}
    engines: {node: '>=14.0.0'}
    cpu: [wasm32]

  '@oxc-minify/binding-win32-arm64-msvc@0.93.0':
    resolution: {integrity: sha512-f/STdah7v3L6hZDcGUlk2NVcXtwlrzFUiQHI+TcE21uMzHItCEv34gkDtrAq04sAsDF+Aykuw3LnsWwg0pv7RA==}
    engines: {node: ^20.19.0 || >=22.12.0}
    cpu: [arm64]
    os: [win32]

  '@oxc-minify/binding-win32-x64-msvc@0.93.0':
    resolution: {integrity: sha512-FLnVjLRW3ifwHR6/87q/OQCukw+KTCR1SpcawwcykG0F62BQZjiwXpEHwNWgrV41M9Mdd52ND8/+HrMqcFlZMw==}
    engines: {node: ^20.19.0 || >=22.12.0}
    cpu: [x64]
    os: [win32]

  '@oxc-project/types@0.112.0':
    resolution: {integrity: sha512-m6RebKHIRsax2iCwVpYW2ErQwa4ywHJrE4sCK3/8JK8ZZAWOKXaRJFl/uP51gaVyyXlaS4+chU1nSCdzYf6QqQ==}

  '@oxc-resolver/binding-android-arm-eabi@11.17.1':
    resolution: {integrity: sha512-+VuZyMYYaap5uDAU1xDU3Kul0FekLqpBS8kI5JozlWfYQKnc/HsZg2gHPkQrj0SC9lt74WMNCfOzZZJlYXSdEQ==}
    cpu: [arm]
    os: [android]

  '@oxc-resolver/binding-android-arm64@11.17.1':
    resolution: {integrity: sha512-YlDDTjvOEKhom/cRSVsXsMVeXVIAM9PJ/x2mfe08rfuS0iIEfJd8PngKbEIhG72WPxleUa+vkEZj9ncmC14z3Q==}
    cpu: [arm64]
    os: [android]

  '@oxc-resolver/binding-darwin-arm64@11.17.1':
    resolution: {integrity: sha512-HOYYLSY4JDk14YkXaz/ApgJYhgDP4KsG8EZpgpOxdszGW9HmIMMY/vXqVKYW74dSH+GQkIXYxBrEh3nv+XODVg==}
    cpu: [arm64]
    os: [darwin]

  '@oxc-resolver/binding-darwin-x64@11.17.1':
    resolution: {integrity: sha512-JHPJbsa5HvPq2/RIdtGlqfaG9zV2WmgvHrKTYmlW0L5esqtKCBuetFudXTBzkNcyD69kSZLzH92AzTr6vFHMFg==}
    cpu: [x64]
    os: [darwin]

  '@oxc-resolver/binding-freebsd-x64@11.17.1':
    resolution: {integrity: sha512-UD1FRC8j8xZstFXYsXwQkNmmg7vUbee006IqxokwDUUA+xEgKZDpLhBEiVKM08Urb+bn7Q0gn6M1pyNR0ng5mg==}
    cpu: [x64]
    os: [freebsd]

  '@oxc-resolver/binding-linux-arm-gnueabihf@11.17.1':
    resolution: {integrity: sha512-wFWC1wyf2ROFWTxK5x0Enm++DSof3EBQ/ypyAesMDLiYxOOASDoMOZG1ylWUnlKaCt5W7eNOWOzABpdfFf/ssA==}
    cpu: [arm]
    os: [linux]

  '@oxc-resolver/binding-linux-arm-musleabihf@11.17.1':
    resolution: {integrity: sha512-k/hUif0GEBk/csSqCfTPXb8AAVs1NNWCa/skBghvNbTtORcWfOVqJ3mM+2pE189+enRm4UnryLREu5ysI0kXEQ==}
    cpu: [arm]
    os: [linux]

  '@oxc-resolver/binding-linux-arm64-gnu@11.17.1':
    resolution: {integrity: sha512-Cwm6A071ww60QouJ9LoHAwBgEoZzHQ0Qaqk2E7WLfBdiQN9mLXIDhnrpn04hlRElRPhLiu/dtg+o5PPLvaINXQ==}
    cpu: [arm64]
    os: [linux]
    libc: [glibc]

  '@oxc-resolver/binding-linux-arm64-musl@11.17.1':
    resolution: {integrity: sha512-+hwlE2v3m0r3sk93SchJL1uyaKcPjf+NGO/TD2DZUDo+chXx7FfaEj0nUMewigSt7oZ2sQN9Z4NJOtUa75HE5Q==}
    cpu: [arm64]
    os: [linux]
    libc: [musl]

  '@oxc-resolver/binding-linux-ppc64-gnu@11.17.1':
    resolution: {integrity: sha512-bO+rsaE5Ox8cFyeL5Ct5tzot1TnQpFa/Wmu5k+hqBYSH2dNVDGoi0NizBN5QV8kOIC6O5MZr81UG4yW/2FyDTA==}
    cpu: [ppc64]
    os: [linux]
    libc: [glibc]

  '@oxc-resolver/binding-linux-riscv64-gnu@11.17.1':
    resolution: {integrity: sha512-B/P+hxKQ1oX4YstI9Lyh4PGzqB87Ddqj/A4iyRBbPdXTcxa+WW3oRLx1CsJKLmHPdDk461Hmbghq1Bm3pl+8Aw==}
    cpu: [riscv64]
    os: [linux]
    libc: [glibc]

  '@oxc-resolver/binding-linux-riscv64-musl@11.17.1':
    resolution: {integrity: sha512-ulp2H3bFXzd/th2maH+QNKj5qgOhJ3v9Yspdf1svTw3CDOuuTl6sRKsWQ7MUw0vnkSNvQndtflBwVXgzZvURsQ==}
    cpu: [riscv64]
    os: [linux]
    libc: [musl]

  '@oxc-resolver/binding-linux-s390x-gnu@11.17.1':
    resolution: {integrity: sha512-LAXYVe3rKk09Zo9YKF2ZLBcH8sz8Oj+JIyiUxiHtq0hiYLMsN6dOpCf2hzQEjPAmsSEA/hdC1PVKeXo+oma8mQ==}
    cpu: [s390x]
    os: [linux]
    libc: [glibc]

  '@oxc-resolver/binding-linux-x64-gnu@11.17.1':
    resolution: {integrity: sha512-3RAhxipMKE8RCSPn7O//sj440i+cYTgYbapLeOoDvQEt6R1QcJjTsFgI4iz99FhVj3YbPxlZmcLB5VW+ipyRTA==}
    cpu: [x64]
    os: [linux]
    libc: [glibc]

  '@oxc-resolver/binding-linux-x64-musl@11.17.1':
    resolution: {integrity: sha512-wpjMEubGU8r9VjZTLdZR3aPHaBqTl8Jl8F4DBbgNoZ+yhkhQD1/MGvY70v2TLnAI6kAHSvcqgfvaqKDa2iWsPQ==}
    cpu: [x64]
    os: [linux]
    libc: [musl]

  '@oxc-resolver/binding-openharmony-arm64@11.17.1':
    resolution: {integrity: sha512-XIE4w17RYAVIgx+9Gs3deTREq5tsmalbatYOOBGNdH7n0DfTE600c7wYXsp7ANc3BPDXsInnOzXDEPCvO1F6cg==}
    cpu: [arm64]
    os: [openharmony]

  '@oxc-resolver/binding-wasm32-wasi@11.17.1':
    resolution: {integrity: sha512-Lqi5BlHX3zS4bpSOkIbOKVf7DIk6Gvmdifr2OuOI58eUUyP944M8/OyaB09cNpPy9Vukj7nmmhOzj8pwLgAkIg==}
    engines: {node: '>=14.0.0'}
    cpu: [wasm32]

  '@oxc-resolver/binding-win32-arm64-msvc@11.17.1':
    resolution: {integrity: sha512-l6lTcLBQVj1HNquFpXSsrkCIM8X5Hlng5YNQJrg00z/KyovvDV5l3OFhoRyZ+aLBQ74zUnMRaJZC7xcBnHyeNg==}
    cpu: [arm64]
    os: [win32]

  '@oxc-resolver/binding-win32-ia32-msvc@11.17.1':
    resolution: {integrity: sha512-VTzVtfnCCsU/6GgvursWoyZrhe3Gj/RyXzDWmh4/U1Y3IW0u1FZbp+hCIlBL16pRPbDc5YvXVtCOnA41QOrOoQ==}
    cpu: [ia32]
    os: [win32]

  '@oxc-resolver/binding-win32-x64-msvc@11.17.1':
    resolution: {integrity: sha512-jRPVU+6/12baj87q2+UGRh30FBVBzqKdJ7rP/mSqiL1kpNQB9yZ1j0+m3sru1m+C8hiFK7lBFwjUtYUBI7+UpQ==}
    cpu: [x64]
    os: [win32]

  '@oxc-transform/binding-android-arm64@0.93.0':
    resolution: {integrity: sha512-sjmbt7SbsIgHC9luOLgwoFTI2zbTDesZlfiSFrSYNZv6S6o4zfR2Q/OLhRQqmar15JtxP8NVPuiPyqyx0mqHyg==}
    engines: {node: ^20.19.0 || >=22.12.0}
    cpu: [arm64]
    os: [android]

  '@oxc-transform/binding-darwin-arm64@0.93.0':
    resolution: {integrity: sha512-XhYYdSU1Oz1UFeMm8fbfdPrODDQkLz2USDjKmfGuoOQRFKXlq0YTktfzF6z1bxn+T8pc9jIlBDr7f+cyy2CCjg==}
    engines: {node: ^20.19.0 || >=22.12.0}
    cpu: [arm64]
    os: [darwin]

  '@oxc-transform/binding-darwin-x64@0.93.0':
    resolution: {integrity: sha512-cRQE9cWmP1cLPqGKqbr453nio1uIgv2LAfIfdx1fQSClG6PvzfTWTqujM0bJpKquodkm4k07ug35+tp0aIkl0w==}
    engines: {node: ^20.19.0 || >=22.12.0}
    cpu: [x64]
    os: [darwin]

  '@oxc-transform/binding-freebsd-x64@0.93.0':
    resolution: {integrity: sha512-m2vojbIELwBwX4ehbEs+7gXx4ooBn2mpR8MkxjZdhucMTj7P38W+jSdW+04pX+/bf2vYxP2madTEZXSX6mseLg==}
    engines: {node: ^20.19.0 || >=22.12.0}
    cpu: [x64]
    os: [freebsd]

  '@oxc-transform/binding-linux-arm-gnueabihf@0.93.0':
    resolution: {integrity: sha512-NEoI0t9b8NHzvXuBIADYubKUbfsuDsY9g/uOTiVNoP+r16vpOdiY3avoqP2x2WPSiuprYVFM3Olq3WVngSg+IA==}
    engines: {node: ^20.19.0 || >=22.12.0}
    cpu: [arm]
    os: [linux]

  '@oxc-transform/binding-linux-arm-musleabihf@0.93.0':
    resolution: {integrity: sha512-gzhgsb/o+V2PBElu2aMD7H1ZYOntr4lzuXDyVq/RbwwzF3G3jjFMB5hddbcjky8rdtmVzEaqqESI2h5kWkZUAw==}
    engines: {node: ^20.19.0 || >=22.12.0}
    cpu: [arm]
    os: [linux]

  '@oxc-transform/binding-linux-arm64-gnu@0.93.0':
    resolution: {integrity: sha512-4PdTqvMzLeMLbkwpHvj2ovQoIKaK8i1OnUGW7XzhZKPBGhkcdt/H3oa5FhZ2uoqSIM1KnKKP80MSC1OYqK+w0Q==}
    engines: {node: ^20.19.0 || >=22.12.0}
    cpu: [arm64]
    os: [linux]
    libc: [glibc]

  '@oxc-transform/binding-linux-arm64-musl@0.93.0':
    resolution: {integrity: sha512-c+CrpmFv32Z1WfR2V8sEKPI4XLewK9hQUq57RUDXj3P99IZ9eA0qIq/2Azle4YGbHdeEywAvqEDlbGa7o3ZFNQ==}
    engines: {node: ^20.19.0 || >=22.12.0}
    cpu: [arm64]
    os: [linux]
    libc: [musl]

  '@oxc-transform/binding-linux-riscv64-gnu@0.93.0':
    resolution: {integrity: sha512-9rkciYe67g/uuVU4bFst96c7Xc2rk2fhzWTsBySUjTvxpgEeBXPsx78OLNwFVZoGf0lGNMXU/oSxr8OImEgvcw==}
    engines: {node: ^20.19.0 || >=22.12.0}
    cpu: [riscv64]
    os: [linux]
    libc: [glibc]

  '@oxc-transform/binding-linux-s390x-gnu@0.93.0':
    resolution: {integrity: sha512-b/3he7qO4It9bTZbKWNvYMVNyoNldgWVDsTleWiRSskDZPTP6CggpcxVolltn8Eegiq4GycKSN1riInTngR6+w==}
    engines: {node: ^20.19.0 || >=22.12.0}
    cpu: [s390x]
    os: [linux]
    libc: [glibc]

  '@oxc-transform/binding-linux-x64-gnu@0.93.0':
    resolution: {integrity: sha512-PeKWwubXPza6JGYjZGRt3sleTAaxTac4SG3Nd/VF9WGCY7ljAb6Q0t/gIuyjLm7tgB2E4luFezJogqkAW/b1ng==}
    engines: {node: ^20.19.0 || >=22.12.0}
    cpu: [x64]
    os: [linux]
    libc: [glibc]

  '@oxc-transform/binding-linux-x64-musl@0.93.0':
    resolution: {integrity: sha512-UjeqejYo3ynOimHKKPdqtryD0iCWiYHRnNNl5sxzK4GPA/JcxNnRGejAbLH6gkPOFtAi2k4Y5ujc2nU8cX8LSw==}
    engines: {node: ^20.19.0 || >=22.12.0}
    cpu: [x64]
    os: [linux]
    libc: [musl]

  '@oxc-transform/binding-wasm32-wasi@0.93.0':
    resolution: {integrity: sha512-pMUgg0Mm5ASd8oEPf/yiZmHCqH5WMC0mjCK3CccEvfpUf+WC8WYiKiLkPz+0e7AyPW/Kb+MDI9FaYDKQ5QgyoQ==}
    engines: {node: '>=14.0.0'}
    cpu: [wasm32]

  '@oxc-transform/binding-win32-arm64-msvc@0.93.0':
    resolution: {integrity: sha512-RR30xNVMIEe5PWSD26uGEZp6yH7fkLKznvPSebVOVl2IWW8Sjnd59i6Ws08FmBKH9QP3jW30MypL6ESdlE5yWw==}
    engines: {node: ^20.19.0 || >=22.12.0}
    cpu: [arm64]
    os: [win32]

  '@oxc-transform/binding-win32-x64-msvc@0.93.0':
    resolution: {integrity: sha512-6QN3DEaEw3eWioWEFRgNsTvYq8czYSnpkjB2za+/WdLN0g5FzOl2ZEfNiPrBWIPnSmjUmDWtWVWcSjwY7fX5/Q==}
    engines: {node: ^20.19.0 || >=22.12.0}
    cpu: [x64]
    os: [win32]

  '@quansync/fs@1.0.0':
    resolution: {integrity: sha512-4TJ3DFtlf1L5LDMaM6CanJ/0lckGNtJcMjQ1NAV6zDmA0tEHKZtxNKin8EgPaVX1YzljbxckyT2tJrpQKAtngQ==}

  '@rolldown/binding-android-arm64@1.0.0-rc.3':
    resolution: {integrity: sha512-0T1k9FinuBZ/t7rZ8jN6OpUKPnUjNdYHoj/cESWrQ3ZraAJ4OMm6z7QjSfCxqj8mOp9kTKc1zHK3kGz5vMu+nQ==}
    engines: {node: ^20.19.0 || >=22.12.0}
    cpu: [arm64]
    os: [android]

  '@rolldown/binding-darwin-arm64@1.0.0-rc.3':
    resolution: {integrity: sha512-JWWLzvcmc/3pe7qdJqPpuPk91SoE/N+f3PcWx/6ZwuyDVyungAEJPvKm/eEldiDdwTmaEzWfIR+HORxYWrCi1A==}
    engines: {node: ^20.19.0 || >=22.12.0}
    cpu: [arm64]
    os: [darwin]

  '@rolldown/binding-darwin-x64@1.0.0-rc.3':
    resolution: {integrity: sha512-MTakBxfx3tde5WSmbHxuqlDsIW0EzQym+PJYGF4P6lG2NmKzi128OGynoFUqoD5ryCySEY85dug4v+LWGBElIw==}
    engines: {node: ^20.19.0 || >=22.12.0}
    cpu: [x64]
    os: [darwin]

  '@rolldown/binding-freebsd-x64@1.0.0-rc.3':
    resolution: {integrity: sha512-jje3oopyOLs7IwfvXoS6Lxnmie5JJO7vW29fdGFu5YGY1EDbVDhD+P9vDihqS5X6fFiqL3ZQZCMBg6jyHkSVww==}
    engines: {node: ^20.19.0 || >=22.12.0}
    cpu: [x64]
    os: [freebsd]

  '@rolldown/binding-linux-arm-gnueabihf@1.0.0-rc.3':
    resolution: {integrity: sha512-A0n8P3hdLAaqzSFrQoA42p23ZKBYQOw+8EH5r15Sa9X1kD9/JXe0YT2gph2QTWvdr0CVK2BOXiK6ENfy6DXOag==}
    engines: {node: ^20.19.0 || >=22.12.0}
    cpu: [arm]
    os: [linux]

  '@rolldown/binding-linux-arm64-gnu@1.0.0-rc.3':
    resolution: {integrity: sha512-kWXkoxxarYISBJ4bLNf5vFkEbb4JvccOwxWDxuK9yee8lg5XA7OpvlTptfRuwEvYcOZf+7VS69Uenpmpyo5Bjw==}
    engines: {node: ^20.19.0 || >=22.12.0}
    cpu: [arm64]
    os: [linux]
    libc: [glibc]

  '@rolldown/binding-linux-arm64-musl@1.0.0-rc.3':
    resolution: {integrity: sha512-Z03/wrqau9Bicfgb3Dbs6SYTHliELk2PM2LpG2nFd+cGupTMF5kanLEcj2vuuJLLhptNyS61rtk7SOZ+lPsTUA==}
    engines: {node: ^20.19.0 || >=22.12.0}
    cpu: [arm64]
    os: [linux]
    libc: [musl]

  '@rolldown/binding-linux-x64-gnu@1.0.0-rc.3':
    resolution: {integrity: sha512-iSXXZsQp08CSilff/DCTFZHSVEpEwdicV3W8idHyrByrcsRDVh9sGC3sev6d8BygSGj3vt8GvUKBPCoyMA4tgQ==}
    engines: {node: ^20.19.0 || >=22.12.0}
    cpu: [x64]
    os: [linux]
    libc: [glibc]

  '@rolldown/binding-linux-x64-musl@1.0.0-rc.3':
    resolution: {integrity: sha512-qaj+MFudtdCv9xZo9znFvkgoajLdc+vwf0Kz5N44g+LU5XMe+IsACgn3UG7uTRlCCvhMAGXm1XlpEA5bZBrOcw==}
    engines: {node: ^20.19.0 || >=22.12.0}
    cpu: [x64]
    os: [linux]
    libc: [musl]

  '@rolldown/binding-openharmony-arm64@1.0.0-rc.3':
    resolution: {integrity: sha512-U662UnMETyjT65gFmG9ma+XziENrs7BBnENi/27swZPYagubfHRirXHG2oMl+pEax2WvO7Kb9gHZmMakpYqBHQ==}
    engines: {node: ^20.19.0 || >=22.12.0}
    cpu: [arm64]
    os: [openharmony]

  '@rolldown/binding-wasm32-wasi@1.0.0-rc.3':
    resolution: {integrity: sha512-gekrQ3Q2HiC1T5njGyuUJoGpK/l6B/TNXKed3fZXNf9YRTJn3L5MOZsFBn4bN2+UX+8+7hgdlTcEsexX988G4g==}
    engines: {node: '>=14.0.0'}
    cpu: [wasm32]

  '@rolldown/binding-win32-arm64-msvc@1.0.0-rc.3':
    resolution: {integrity: sha512-85y5JifyMgs8m5K2XzR/VDsapKbiFiohl7s5lEj7nmNGO0pkTXE7q6TQScei96BNAsoK7JC3pA7ukA8WRHVJpg==}
    engines: {node: ^20.19.0 || >=22.12.0}
    cpu: [arm64]
    os: [win32]

  '@rolldown/binding-win32-x64-msvc@1.0.0-rc.3':
    resolution: {integrity: sha512-a4VUQZH7LxGbUJ3qJ/TzQG8HxdHvf+jOnqf7B7oFx1TEBm+j2KNL2zr5SQ7wHkNAcaPevF6gf9tQnVBnC4mD+A==}
    engines: {node: ^20.19.0 || >=22.12.0}
    cpu: [x64]
    os: [win32]

  '@rolldown/pluginutils@1.0.0-rc.3':
    resolution: {integrity: sha512-eybk3TjzzzV97Dlj5c+XrBFW57eTNhzod66y9HrBlzJ6NsCrWCp/2kaPS3K9wJmurBC0Tdw4yPjXKZqlznim3Q==}

  '@tybys/wasm-util@0.10.1':
    resolution: {integrity: sha512-9tTaPJLSiejZKx+Bmog4uSubteqTvFrVrURwkmHixBo0G4seD0zUxp98E1DzUBJxLQ3NPwXrGKDiVjwx/DpPsg==}

  '@types/bun@1.3.9':
    resolution: {integrity: sha512-KQ571yULOdWJiMH+RIWIOZ7B2RXQGpL1YQrBtLIV3FqDcCu6FsbFUBwhdKUlCKUpS3PJDsHlJ1QKlpxoVR+xtw==}

  '@types/estree@1.0.8':
    resolution: {integrity: sha512-dWHzHa2WqEXI/O1E9OjrocMTKJl2mSrEolh1Iomrv6U+JuNwaHXsXx9bLu5gG7BUWFIN0skIQJQ/L1rIex4X6w==}

  '@types/jsesc@2.5.1':
    resolution: {integrity: sha512-9VN+6yxLOPLOav+7PwjZbxiID2bVaeq0ED4qSQmdQTdjnXJSaCVKTR58t15oqH1H5t8Ng2ZX1SabJVoN9Q34bw==}

  '@types/node@25.3.0':
    resolution: {integrity: sha512-4K3bqJpXpqfg2XKGK9bpDTc6xO/xoUP/RBWS7AtRMug6zZFaRekiLzjVtAoZMquxoAbzBvy5nxQ7veS5eYzf8A==}

  ansis@4.2.0:
    resolution: {integrity: sha512-HqZ5rWlFjGiV0tDm3UxxgNRqsOTniqoKZu0pIAfh7TZQMGuZK+hH0drySty0si0QXj1ieop4+SkSfPZBPPkHig==}
    engines: {node: '>=14'}

  ast-kit@3.0.0-beta.1:
    resolution: {integrity: sha512-trmleAnZ2PxN/loHWVhhx1qeOHSRXq4TDsBBxq3GqeJitfk3+jTQ+v/C1km/KYq9M7wKqCewMh+/NAvVH7m+bw==}
    engines: {node: '>=20.19.0'}

  birpc@4.0.0:
    resolution: {integrity: sha512-LShSxJP0KTmd101b6DRyGBj57LZxSDYWKitQNW/mi8GRMvZb078Uf9+pveax1DrVL89vm7mWe+TovdI/UDOuPw==}

  bun-types@1.3.9:
    resolution: {integrity: sha512-+UBWWOakIP4Tswh0Bt0QD0alpTY8cb5hvgiYeWCMet9YukHbzuruIEeXC2D7nMJPB12kbh8C7XJykSexEqGKJg==}

  bunup@0.16.28:
    resolution: {integrity: sha512-aIVg3G0e9Jh4PvUS7kG9b/+sW4OJdfHRRQ6klBmh2H+gvVMsajKI/JtrpWB52tqqf2l8H3vzE6E2eAq4mszjnA==}
    hasBin: true
    peerDependencies:
      typescript: '>=4.5.0'
    peerDependenciesMeta:
      typescript:
        optional: true

  cac@6.7.14:
    resolution: {integrity: sha512-b6Ilus+c3RrdDk+JhLKUAQfzzgLEPy6wcXqS7f/xe1EETvsDP6GORG7SFuOs6cID5YkqchW/LXZbX5bc8j7ZcQ==}
    engines: {node: '>=8'}

  chokidar@5.0.0:
    resolution: {integrity: sha512-TQMmc3w+5AxjpL8iIiwebF73dRDF4fBIieAqGn9RGCWaEVwQ6Fb2cGe31Yns0RRIzii5goJ1Y7xbMwo1TxMplw==}
    engines: {node: '>= 20.19.0'}

  coffi@0.1.37:
    resolution: {integrity: sha512-ewO5Xis7sw7g54yI/3lJ/nNV90Er4ZnENeDORZjrs58T70MmwKFLZgevraNCz+RmB4KDKsYT1ui1wDB36iPWqQ==}

  defu@6.1.4:
    resolution: {integrity: sha512-mEQCMmwJu317oSz8CwdIOdwf3xMif1ttiM8LTufzc3g6kR+9Pe236twL8j3IYT1F7GfRgGcW6MWxzZjLIkuHIg==}

  detect-libc@2.1.2:
    resolution: {integrity: sha512-Btj2BOOO83o3WyH59e8MgXsxEQVcarkUOpEYrubB0urwnN10yQ364rsiByU11nZlqWYZm05i/of7io4mzihBtQ==}
    engines: {node: '>=8'}

  dts-resolver@2.1.3:
    resolution: {integrity: sha512-bihc7jPC90VrosXNzK0LTE2cuLP6jr0Ro8jk+kMugHReJVLIpHz/xadeq3MhuwyO4TD4OA3L1Q8pBBFRc08Tsw==}
    engines: {node: '>=20.19.0'}
    peerDependencies:
      oxc-resolver: '>=11.0.0'
    peerDependenciesMeta:
      oxc-resolver:
        optional: true

  empathic@2.0.0:
    resolution: {integrity: sha512-i6UzDscO/XfAcNYD75CfICkmfLedpyPDdozrLMmQc5ORaQcdMoc21OnlEylMIqI7U8eniKrPMxxtj8k0vhmJhA==}
    engines: {node: '>=14'}

  estree-walker@3.0.3:
    resolution: {integrity: sha512-7RUKfXgSMMkzt6ZuXmqapOurLGPPfgj6l9uRZ7lRGolvk0y2yocc35LdcxKC5PQZdn2DMqioAQ2NoWcrTKmm6g==}

  fdir@6.5.0:
    resolution: {integrity: sha512-tIbYtZbucOs0BRGqPJkshJUYdL+SDH7dVM8gjy+ERp3WAUjLEFJE+02kanyHtwjWOnwrKYBiwAmM0p4kLJAnXg==}
    engines: {node: '>=12.0.0'}
    peerDependencies:
      picomatch: ^3 || ^4
    peerDependenciesMeta:
      picomatch:
        optional: true

  get-tsconfig@4.13.6:
    resolution: {integrity: sha512-shZT/QMiSHc/YBLxxOkMtgSid5HFoauqCE3/exfsEcwg1WkeqjG+V40yBbBrsD+jW2HDXcs28xOfcbm2jI8Ddw==}

  hookable@6.0.1:
    resolution: {integrity: sha512-uKGyY8BuzN/a5gvzvA+3FVWo0+wUjgtfSdnmjtrOVwQCZPHpHDH2WRO3VZSOeluYrHoDCiXFffZXs8Dj1ULWtw==}

  import-without-cache@0.2.5:
    resolution: {integrity: sha512-B6Lc2s6yApwnD2/pMzFh/d5AVjdsDXjgkeJ766FmFuJELIGHNycKRj+l3A39yZPM4CchqNCB4RITEAYB1KUM6A==}
    engines: {node: '>=20.19.0'}

  jsesc@3.1.0:
    resolution: {integrity: sha512-/sM3dO2FOzXjKQhJuo0Q173wf2KOo8t4I8vHy6lF9poUp7bKT0/NHE8fPX23PwfhnykfqnC2xRxOnVw5XuGIaA==}
    engines: {node: '>=6'}
    hasBin: true

  lightningcss-android-arm64@1.31.1:
    resolution: {integrity: sha512-HXJF3x8w9nQ4jbXRiNppBCqeZPIAfUo8zE/kOEGbW5NZvGc/K7nMxbhIr+YlFlHW5mpbg/YFPdbnCh1wAXCKFg==}
    engines: {node: '>= 12.0.0'}
    cpu: [arm64]
    os: [android]

  lightningcss-darwin-arm64@1.31.1:
    resolution: {integrity: sha512-02uTEqf3vIfNMq3h/z2cJfcOXnQ0GRwQrkmPafhueLb2h7mqEidiCzkE4gBMEH65abHRiQvhdcQ+aP0D0g67sg==}
    engines: {node: '>= 12.0.0'}
    cpu: [arm64]
    os: [darwin]

  lightningcss-darwin-x64@1.31.1:
    resolution: {integrity: sha512-1ObhyoCY+tGxtsz1lSx5NXCj3nirk0Y0kB/g8B8DT+sSx4G9djitg9ejFnjb3gJNWo7qXH4DIy2SUHvpoFwfTA==}
    engines: {node: '>= 12.0.0'}
    cpu: [x64]
    os: [darwin]

  lightningcss-freebsd-x64@1.31.1:
    resolution: {integrity: sha512-1RINmQKAItO6ISxYgPwszQE1BrsVU5aB45ho6O42mu96UiZBxEXsuQ7cJW4zs4CEodPUioj/QrXW1r9pLUM74A==}
    engines: {node: '>= 12.0.0'}
    cpu: [x64]
    os: [freebsd]

  lightningcss-linux-arm-gnueabihf@1.31.1:
    resolution: {integrity: sha512-OOCm2//MZJ87CdDK62rZIu+aw9gBv4azMJuA8/KB74wmfS3lnC4yoPHm0uXZ/dvNNHmnZnB8XLAZzObeG0nS1g==}
    engines: {node: '>= 12.0.0'}
    cpu: [arm]
    os: [linux]

  lightningcss-linux-arm64-gnu@1.31.1:
    resolution: {integrity: sha512-WKyLWztD71rTnou4xAD5kQT+982wvca7E6QoLpoawZ1gP9JM0GJj4Tp5jMUh9B3AitHbRZ2/H3W5xQmdEOUlLg==}
    engines: {node: '>= 12.0.0'}
    cpu: [arm64]
    os: [linux]
    libc: [glibc]

  lightningcss-linux-arm64-musl@1.31.1:
    resolution: {integrity: sha512-mVZ7Pg2zIbe3XlNbZJdjs86YViQFoJSpc41CbVmKBPiGmC4YrfeOyz65ms2qpAobVd7WQsbW4PdsSJEMymyIMg==}
    engines: {node: '>= 12.0.0'}
    cpu: [arm64]
    os: [linux]
    libc: [musl]

  lightningcss-linux-x64-gnu@1.31.1:
    resolution: {integrity: sha512-xGlFWRMl+0KvUhgySdIaReQdB4FNudfUTARn7q0hh/V67PVGCs3ADFjw+6++kG1RNd0zdGRlEKa+T13/tQjPMA==}
    engines: {node: '>= 12.0.0'}
    cpu: [x64]
    os: [linux]
    libc: [glibc]

  lightningcss-linux-x64-musl@1.31.1:
    resolution: {integrity: sha512-eowF8PrKHw9LpoZii5tdZwnBcYDxRw2rRCyvAXLi34iyeYfqCQNA9rmUM0ce62NlPhCvof1+9ivRaTY6pSKDaA==}
    engines: {node: '>= 12.0.0'}
    cpu: [x64]
    os: [linux]
    libc: [musl]

  lightningcss-win32-arm64-msvc@1.31.1:
    resolution: {integrity: sha512-aJReEbSEQzx1uBlQizAOBSjcmr9dCdL3XuC/6HLXAxmtErsj2ICo5yYggg1qOODQMtnjNQv2UHb9NpOuFtYe4w==}
    engines: {node: '>= 12.0.0'}
    cpu: [arm64]
    os: [win32]

  lightningcss-win32-x64-msvc@1.31.1:
    resolution: {integrity: sha512-I9aiFrbd7oYHwlnQDqr1Roz+fTz61oDDJX7n9tYF9FJymH1cIN1DtKw3iYt6b8WZgEjoNwVSncwF4wx/ZedMhw==}
    engines: {node: '>= 12.0.0'}
    cpu: [x64]
    os: [win32]

  lightningcss@1.31.1:
    resolution: {integrity: sha512-l51N2r93WmGUye3WuFoN5k10zyvrVs0qfKBhyC5ogUQ6Ew6JUSswh78mbSO+IU3nTWsyOArqPCcShdQSadghBQ==}
    engines: {node: '>= 12.0.0'}

  obug@2.1.1:
    resolution: {integrity: sha512-uTqF9MuPraAQ+IsnPf366RG4cP9RtUi7MLO1N3KEc+wb0a6yKpeL0lmk2IB1jY5KHPAlTc6T/JRdC/YqxHNwkQ==}

  oxc-minify@0.93.0:
    resolution: {integrity: sha512-pwMjOGN/I+cfLVkSmECcVHROKwECNVAXCT5h/29S4f0aArIUh3CQnix1yYy7MTQ3yThNuGANjjE9jWJyT43Vbw==}
    engines: {node: ^20.19.0 || >=22.12.0}

  oxc-resolver@11.17.1:
    resolution: {integrity: sha512-pyRXK9kH81zKlirHufkFhOFBZRks8iAMLwPH8gU7lvKFiuzUH9L8MxDEllazwOb8fjXMcWjY1PMDfMJ2/yh5cw==}

  oxc-transform@0.93.0:
    resolution: {integrity: sha512-QCwM2nMAWf4hEBehLVA2apllxdmmWLb5M0in9HwC2boaaFbP0QntbLy4hfRZGur2KKyEBErZbH9S5NYX8eHslg==}
    engines: {node: ^20.19.0 || >=22.12.0}

  pathe@2.0.3:
    resolution: {integrity: sha512-WUjGcAqP1gQacoQe+OBJsFA7Ld4DyXuUIjZ5cc75cLHvJ7dtNsTugphxIADwspS+AraAUePCKrSVtPLFj/F88w==}

  picocolors@1.1.1:
    resolution: {integrity: sha512-xceH2snhtb5M9liqDsmEw56le376mTZkEX/jEb/RxNFyegNul7eNslCXP9FDj/Lcu0X8KEyMceP2ntpaHrDEVA==}

  picomatch@4.0.3:
    resolution: {integrity: sha512-5gTmgEY/sqK6gFXLIsQNH19lWb4ebPDLA4SdLP7dsWkIXHWlG66oPuVvXSGFPppYZz8ZDZq0dYYrbHfBCVUb1Q==}
    engines: {node: '>=12'}

  quansync@1.0.0:
    resolution: {integrity: sha512-5xZacEEufv3HSTPQuchrvV6soaiACMFnq1H8wkVioctoH3TRha9Sz66lOxRwPK/qZj7HPiSveih9yAyh98gvqA==}

  readdirp@5.0.0:
    resolution: {integrity: sha512-9u/XQ1pvrQtYyMpZe7DXKv2p5CNvyVwzUB6uhLAnQwHMSgKMBR62lc7AHljaeteeHXn11XTAaLLUVZYVZyuRBQ==}
    engines: {node: '>= 20.19.0'}

  resolve-pkg-maps@1.0.0:
    resolution: {integrity: sha512-seS2Tj26TBVOC2NIc2rOe2y2ZO7efxITtLZcGSOnHHNOQ7CkiUBfw0Iw2ck6xkIhPwLhKNLS8BO+hEpngQlqzw==}

  rolldown-plugin-dts@0.22.1:
    resolution: {integrity: sha512-5E0AiM5RSQhU6cjtkDFWH6laW4IrMu0j1Mo8x04Xo1ALHmaRMs9/7zej7P3RrryVHW/DdZAp85MA7Be55p0iUw==}
    engines: {node: '>=20.19.0'}
    peerDependencies:
      '@ts-macro/tsc': ^0.3.6
      '@typescript/native-preview': '>=7.0.0-dev.20250601.1'
      rolldown: ^1.0.0-rc.3
      typescript: ^5.0.0
      vue-tsc: ~3.2.0
    peerDependenciesMeta:
      '@ts-macro/tsc':
        optional: true
      '@typescript/native-preview':
        optional: true
      typescript:
        optional: true
      vue-tsc:
        optional: true

  rolldown@1.0.0-rc.3:
    resolution: {integrity: sha512-Po/YZECDOqVXjIXrtC5h++a5NLvKAQNrd9ggrIG3sbDfGO5BqTUsrI6l8zdniKRp3r5Tp/2JTrXqx4GIguFCMw==}
    engines: {node: ^20.19.0 || >=22.12.0}
    hasBin: true

  semver@7.7.4:
    resolution: {integrity: sha512-vFKC2IEtQnVhpT78h1Yp8wzwrf8CM+MzKMHGJZfBtzhZNycRFnXsHk6E5TxIkkMsgNS7mdX3AGB7x2QM2di4lA==}
    engines: {node: '>=10'}
    hasBin: true

  std-env@3.10.0:
    resolution: {integrity: sha512-5GS12FdOZNliM5mAOxFRg7Ir0pWz8MdpYm6AY6VPkGpbA7ZzmbzNcBJQ0GPvvyWgcY7QAhCgf9Uy89I03faLkg==}

  strip-json-comments@5.0.3:
    resolution: {integrity: sha512-1tB5mhVo7U+ETBKNf92xT4hrQa3pm0MZ0PQvuDnWgAAGHDsfp4lPSpiS6psrSiet87wyGPh9ft6wmhOMQ0hDiw==}
    engines: {node: '>=14.16'}

  tinyexec@1.0.2:
    resolution: {integrity: sha512-W/KYk+NFhkmsYpuHq5JykngiOCnxeVL8v8dFnqxSD8qEEdRfXk1SDM6JzNqcERbcGYj9tMrDQBYV9cjgnunFIg==}
    engines: {node: '>=18'}

  tinyglobby@0.2.15:
    resolution: {integrity: sha512-j2Zq4NyQYG5XMST4cbs02Ak8iJUdxRM0XI5QyxXuZOzKOINmWurp3smXu3y5wDcJrptwpSjgXHzIQxR0omXljQ==}
    engines: {node: '>=12.0.0'}

  tree-kill@1.2.2:
    resolution: {integrity: sha512-L0Orpi8qGpRG//Nd+H90vFB+3iHnue1zSSGmNOOCh1GLJ7rUKVwV2HvijphGQS2UmhUZewS9VgvxYIdgr+fG1A==}
    hasBin: true

  ts-import-resolver@0.1.23:
    resolution: {integrity: sha512-282pgr6j6aOvP3P2I6XugDxdBobkpdMmdbWjRjGl5gjPI1p0+oTNGDh1t924t75kRlyIkF65DiwhSIUysmyHQA==}
    peerDependencies:
      typescript: '>=4.5.0'
    peerDependenciesMeta:
      typescript:
        optional: true

  tsdown@0.20.3:
    resolution: {integrity: sha512-qWOUXSbe4jN8JZEgrkc/uhJpC8VN2QpNu3eZkBWwNuTEjc/Ik1kcc54ycfcQ5QPRHeu9OQXaLfCI3o7pEJgB2w==}
    engines: {node: '>=20.19.0'}
    hasBin: true
    peerDependencies:
      '@arethetypeswrong/core': ^0.18.1
      '@vitejs/devtools': '*'
      publint: ^0.3.0
      typescript: ^5.0.0
      unplugin-lightningcss: ^0.4.0
      unplugin-unused: ^0.5.0
    peerDependenciesMeta:
      '@arethetypeswrong/core':
        optional: true
      '@vitejs/devtools':
        optional: true
      publint:
        optional: true
      typescript:
        optional: true
      unplugin-lightningcss:
        optional: true
      unplugin-unused:
        optional: true

  tslib@2.8.1:
    resolution: {integrity: sha512-oJFu94HQb+KVduSUQL7wnpmqnfmLsOA/nAh6b6EH0wCEoK0/mPeXU6c3wKDV83MkOuHPRHtSXKKU99IBazS/2w==}

  typescript@5.9.3:
    resolution: {integrity: sha512-jl1vZzPDinLr9eUt3J/t7V6FgNEw9QjvBPdysz9KfQDD41fQrC2Y4vKQdiaUpFT4bXlb1RHhLpp8wtm6M5TgSw==}
    engines: {node: '>=14.17'}
    hasBin: true

  unconfig-core@7.5.0:
    resolution: {integrity: sha512-Su3FauozOGP44ZmKdHy2oE6LPjk51M/TRRjHv2HNCWiDvfvCoxC2lno6jevMA91MYAdCdwP05QnWdWpSbncX/w==}

  undici-types@7.18.2:
    resolution: {integrity: sha512-AsuCzffGHJybSaRrmr5eHr81mwJU3kjw6M+uprWvCXiNeN9SOGwQ3Jn8jb8m3Z6izVgknn1R0FTCEAP2QrLY/w==}

  unrun@0.2.27:
    resolution: {integrity: sha512-Mmur1UJpIbfxasLOhPRvox/QS4xBiDii71hMP7smfRthGcwFL2OAmYRgduLANOAU4LUkvVamuP+02U+c90jlrw==}
    engines: {node: '>=20.19.0'}
    hasBin: true
    peerDependencies:
      synckit: ^0.11.11
    peerDependenciesMeta:
      synckit:
        optional: true

  zlye@0.4.4:
    resolution: {integrity: sha512-fwpeC841X3ElOLYRMKXbwX29pitNrsm6nRNvEhDMrRXDl3BhR2i03Bkr0GNrpyYgZJuEzUsBylXAYzgGPXXOCQ==}
    peerDependencies:
      typescript: '>=4.5.0'
    peerDependenciesMeta:
      typescript:
        optional: true

snapshots:

  '@babel/generator@8.0.0-rc.1':
    dependencies:
      '@babel/parser': 8.0.0-rc.1
      '@babel/types': 8.0.0-rc.1
      '@jridgewell/gen-mapping': 0.3.13
      '@jridgewell/trace-mapping': 0.3.31
      '@types/jsesc': 2.5.1
      jsesc: 3.1.0

  '@babel/helper-string-parser@7.27.1': {}

  '@babel/helper-string-parser@8.0.0-rc.2': {}

  '@babel/helper-validator-identifier@7.28.5': {}

  '@babel/helper-validator-identifier@8.0.0-rc.1': {}

  '@babel/parser@7.29.0':
    dependencies:
      '@babel/types': 7.29.0

  '@babel/parser@8.0.0-rc.1':
    dependencies:
      '@babel/types': 8.0.0-rc.1

  '@babel/types@7.29.0':
    dependencies:
      '@babel/helper-string-parser': 7.27.1
      '@babel/helper-validator-identifier': 7.28.5

  '@babel/types@8.0.0-rc.1':
    dependencies:
      '@babel/helper-string-parser': 8.0.0-rc.2
      '@babel/helper-validator-identifier': 8.0.0-rc.1

  '@bunup/dts@0.14.52(typescript@5.9.3)':
    dependencies:
      '@babel/parser': 7.29.0
      coffi: 0.1.37
      oxc-minify: 0.93.0
      oxc-resolver: 11.17.1
      oxc-transform: 0.93.0
      picocolors: 1.1.1
      std-env: 3.10.0
      ts-import-resolver: 0.1.23(typescript@5.9.3)
    optionalDependencies:
      typescript: 5.9.3

  '@bunup/shared@0.16.23(typescript@5.9.3)':
    optionalDependencies:
      typescript: 5.9.3

  '@emnapi/core@1.8.1':
    dependencies:
      '@emnapi/wasi-threads': 1.1.0
      tslib: 2.8.1
    optional: true

  '@emnapi/runtime@1.8.1':
    dependencies:
      tslib: 2.8.1
    optional: true

  '@emnapi/wasi-threads@1.1.0':
    dependencies:
      tslib: 2.8.1
    optional: true

  '@jridgewell/gen-mapping@0.3.13':
    dependencies:
      '@jridgewell/sourcemap-codec': 1.5.5
      '@jridgewell/trace-mapping': 0.3.31

  '@jridgewell/resolve-uri@3.1.2': {}

  '@jridgewell/sourcemap-codec@1.5.5': {}

  '@jridgewell/trace-mapping@0.3.31':
    dependencies:
      '@jridgewell/resolve-uri': 3.1.2
      '@jridgewell/sourcemap-codec': 1.5.5

  '@napi-rs/wasm-runtime@1.1.1':
    dependencies:
      '@emnapi/core': 1.8.1
      '@emnapi/runtime': 1.8.1
      '@tybys/wasm-util': 0.10.1
    optional: true

  '@oxc-minify/binding-android-arm64@0.93.0':
    optional: true

  '@oxc-minify/binding-darwin-arm64@0.93.0':
    optional: true

  '@oxc-minify/binding-darwin-x64@0.93.0':
    optional: true

  '@oxc-minify/binding-freebsd-x64@0.93.0':
    optional: true

  '@oxc-minify/binding-linux-arm-gnueabihf@0.93.0':
    optional: true

  '@oxc-minify/binding-linux-arm-musleabihf@0.93.0':
    optional: true

  '@oxc-minify/binding-linux-arm64-gnu@0.93.0':
    optional: true

  '@oxc-minify/binding-linux-arm64-musl@0.93.0':
    optional: true

  '@oxc-minify/binding-linux-riscv64-gnu@0.93.0':
    optional: true

  '@oxc-minify/binding-linux-s390x-gnu@0.93.0':
    optional: true

  '@oxc-minify/binding-linux-x64-gnu@0.93.0':
    optional: true

  '@oxc-minify/binding-linux-x64-musl@0.93.0':
    optional: true

  '@oxc-minify/binding-wasm32-wasi@0.93.0':
    dependencies:
      '@napi-rs/wasm-runtime': 1.1.1
    optional: true

  '@oxc-minify/binding-win32-arm64-msvc@0.93.0':
    optional: true

  '@oxc-minify/binding-win32-x64-msvc@0.93.0':
    optional: true

  '@oxc-project/types@0.112.0': {}

  '@oxc-resolver/binding-android-arm-eabi@11.17.1':
    optional: true

  '@oxc-resolver/binding-android-arm64@11.17.1':
    optional: true

  '@oxc-resolver/binding-darwin-arm64@11.17.1':
    optional: true

  '@oxc-resolver/binding-darwin-x64@11.17.1':
    optional: true

  '@oxc-resolver/binding-freebsd-x64@11.17.1':
    optional: true

  '@oxc-resolver/binding-linux-arm-gnueabihf@11.17.1':
    optional: true

  '@oxc-resolver/binding-linux-arm-musleabihf@11.17.1':
    optional: true

  '@oxc-resolver/binding-linux-arm64-gnu@11.17.1':
    optional: true

  '@oxc-resolver/binding-linux-arm64-musl@11.17.1':
    optional: true

  '@oxc-resolver/binding-linux-ppc64-gnu@11.17.1':
    optional: true

  '@oxc-resolver/binding-linux-riscv64-gnu@11.17.1':
    optional: true

  '@oxc-resolver/binding-linux-riscv64-musl@11.17.1':
    optional: true

  '@oxc-resolver/binding-linux-s390x-gnu@11.17.1':
    optional: true

  '@oxc-resolver/binding-linux-x64-gnu@11.17.1':
    optional: true

  '@oxc-resolver/binding-linux-x64-musl@11.17.1':
    optional: true

  '@oxc-resolver/binding-openharmony-arm64@11.17.1':
    optional: true

  '@oxc-resolver/binding-wasm32-wasi@11.17.1':
    dependencies:
      '@napi-rs/wasm-runtime': 1.1.1
    optional: true

  '@oxc-resolver/binding-win32-arm64-msvc@11.17.1':
    optional: true

  '@oxc-resolver/binding-win32-ia32-msvc@11.17.1':
    optional: true

  '@oxc-resolver/binding-win32-x64-msvc@11.17.1':
    optional: true

  '@oxc-transform/binding-android-arm64@0.93.0':
    optional: true

  '@oxc-transform/binding-darwin-arm64@0.93.0':
    optional: true

  '@oxc-transform/binding-darwin-x64@0.93.0':
    optional: true

  '@oxc-transform/binding-freebsd-x64@0.93.0':
    optional: true

  '@oxc-transform/binding-linux-arm-gnueabihf@0.93.0':
    optional: true

  '@oxc-transform/binding-linux-arm-musleabihf@0.93.0':
    optional: true

  '@oxc-transform/binding-linux-arm64-gnu@0.93.0':
    optional: true

  '@oxc-transform/binding-linux-arm64-musl@0.93.0':
    optional: true

  '@oxc-transform/binding-linux-riscv64-gnu@0.93.0':
    optional: true

  '@oxc-transform/binding-linux-s390x-gnu@0.93.0':
    optional: true

  '@oxc-transform/binding-linux-x64-gnu@0.93.0':
    optional: true

  '@oxc-transform/binding-linux-x64-musl@0.93.0':
    optional: true

  '@oxc-transform/binding-wasm32-wasi@0.93.0':
    dependencies:
      '@napi-rs/wasm-runtime': 1.1.1
    optional: true

  '@oxc-transform/binding-win32-arm64-msvc@0.93.0':
    optional: true

  '@oxc-transform/binding-win32-x64-msvc@0.93.0':
    optional: true

  '@quansync/fs@1.0.0':
    dependencies:
      quansync: 1.0.0

  '@rolldown/binding-android-arm64@1.0.0-rc.3':
    optional: true

  '@rolldown/binding-darwin-arm64@1.0.0-rc.3':
    optional: true

  '@rolldown/binding-darwin-x64@1.0.0-rc.3':
    optional: true

  '@rolldown/binding-freebsd-x64@1.0.0-rc.3':
    optional: true

  '@rolldown/binding-linux-arm-gnueabihf@1.0.0-rc.3':
    optional: true

  '@rolldown/binding-linux-arm64-gnu@1.0.0-rc.3':
    optional: true

  '@rolldown/binding-linux-arm64-musl@1.0.0-rc.3':
    optional: true

  '@rolldown/binding-linux-x64-gnu@1.0.0-rc.3':
    optional: true

  '@rolldown/binding-linux-x64-musl@1.0.0-rc.3':
    optional: true

  '@rolldown/binding-openharmony-arm64@1.0.0-rc.3':
    optional: true

  '@rolldown/binding-wasm32-wasi@1.0.0-rc.3':
    dependencies:
      '@napi-rs/wasm-runtime': 1.1.1
    optional: true

  '@rolldown/binding-win32-arm64-msvc@1.0.0-rc.3':
    optional: true

  '@rolldown/binding-win32-x64-msvc@1.0.0-rc.3':
    optional: true

  '@rolldown/pluginutils@1.0.0-rc.3': {}

  '@tybys/wasm-util@0.10.1':
    dependencies:
      tslib: 2.8.1
    optional: true

  '@types/bun@1.3.9':
    dependencies:
      bun-types: 1.3.9

  '@types/estree@1.0.8': {}

  '@types/jsesc@2.5.1': {}

  '@types/node@25.3.0':
    dependencies:
      undici-types: 7.18.2

  ansis@4.2.0: {}

  ast-kit@3.0.0-beta.1:
    dependencies:
      '@babel/parser': 8.0.0-rc.1
      estree-walker: 3.0.3
      pathe: 2.0.3

  birpc@4.0.0: {}

  bun-types@1.3.9:
    dependencies:
      '@types/node': 25.3.0

  bunup@0.16.28(typescript@5.9.3):
    dependencies:
      '@bunup/dts': 0.14.52(typescript@5.9.3)
      '@bunup/shared': 0.16.23(typescript@5.9.3)
      chokidar: 5.0.0
      coffi: 0.1.37
      lightningcss: 1.31.1
      picocolors: 1.1.1
      tinyexec: 1.0.2
      tree-kill: 1.2.2
      zlye: 0.4.4(typescript@5.9.3)
    optionalDependencies:
      typescript: 5.9.3

  cac@6.7.14: {}

  chokidar@5.0.0:
    dependencies:
      readdirp: 5.0.0

  coffi@0.1.37:
    dependencies:
      strip-json-comments: 5.0.3

  defu@6.1.4: {}

  detect-libc@2.1.2: {}

  dts-resolver@2.1.3(oxc-resolver@11.17.1):
    optionalDependencies:
      oxc-resolver: 11.17.1

  empathic@2.0.0: {}

  estree-walker@3.0.3:
    dependencies:
      '@types/estree': 1.0.8

  fdir@6.5.0(picomatch@4.0.3):
    optionalDependencies:
      picomatch: 4.0.3

  get-tsconfig@4.13.6:
    dependencies:
      resolve-pkg-maps: 1.0.0

  hookable@6.0.1: {}

  import-without-cache@0.2.5: {}

  jsesc@3.1.0: {}

  lightningcss-android-arm64@1.31.1:
    optional: true

  lightningcss-darwin-arm64@1.31.1:
    optional: true

  lightningcss-darwin-x64@1.31.1:
    optional: true

  lightningcss-freebsd-x64@1.31.1:
    optional: true

  lightningcss-linux-arm-gnueabihf@1.31.1:
    optional: true

  lightningcss-linux-arm64-gnu@1.31.1:
    optional: true

  lightningcss-linux-arm64-musl@1.31.1:
    optional: true

  lightningcss-linux-x64-gnu@1.31.1:
    optional: true

  lightningcss-linux-x64-musl@1.31.1:
    optional: true

  lightningcss-win32-arm64-msvc@1.31.1:
    optional: true

  lightningcss-win32-x64-msvc@1.31.1:
    optional: true

  lightningcss@1.31.1:
    dependencies:
      detect-libc: 2.1.2
    optionalDependencies:
      lightningcss-android-arm64: 1.31.1
      lightningcss-darwin-arm64: 1.31.1
      lightningcss-darwin-x64: 1.31.1
      lightningcss-freebsd-x64: 1.31.1
      lightningcss-linux-arm-gnueabihf: 1.31.1
      lightningcss-linux-arm64-gnu: 1.31.1
      lightningcss-linux-arm64-musl: 1.31.1
      lightningcss-linux-x64-gnu: 1.31.1
      lightningcss-linux-x64-musl: 1.31.1
      lightningcss-win32-arm64-msvc: 1.31.1
      lightningcss-win32-x64-msvc: 1.31.1

  obug@2.1.1: {}

  oxc-minify@0.93.0:
    optionalDependencies:
      '@oxc-minify/binding-android-arm64': 0.93.0
      '@oxc-minify/binding-darwin-arm64': 0.93.0
      '@oxc-minify/binding-darwin-x64': 0.93.0
      '@oxc-minify/binding-freebsd-x64': 0.93.0
      '@oxc-minify/binding-linux-arm-gnueabihf': 0.93.0
      '@oxc-minify/binding-linux-arm-musleabihf': 0.93.0
      '@oxc-minify/binding-linux-arm64-gnu': 0.93.0
      '@oxc-minify/binding-linux-arm64-musl': 0.93.0
      '@oxc-minify/binding-linux-riscv64-gnu': 0.93.0
      '@oxc-minify/binding-linux-s390x-gnu': 0.93.0
      '@oxc-minify/binding-linux-x64-gnu': 0.93.0
      '@oxc-minify/binding-linux-x64-musl': 0.93.0
      '@oxc-minify/binding-wasm32-wasi': 0.93.0
      '@oxc-minify/binding-win32-arm64-msvc': 0.93.0
      '@oxc-minify/binding-win32-x64-msvc': 0.93.0

  oxc-resolver@11.17.1:
    optionalDependencies:
      '@oxc-resolver/binding-android-arm-eabi': 11.17.1
      '@oxc-resolver/binding-android-arm64': 11.17.1
      '@oxc-resolver/binding-darwin-arm64': 11.17.1
      '@oxc-resolver/binding-darwin-x64': 11.17.1
      '@oxc-resolver/binding-freebsd-x64': 11.17.1
      '@oxc-resolver/binding-linux-arm-gnueabihf': 11.17.1
      '@oxc-resolver/binding-linux-arm-musleabihf': 11.17.1
      '@oxc-resolver/binding-linux-arm64-gnu': 11.17.1
      '@oxc-resolver/binding-linux-arm64-musl': 11.17.1
      '@oxc-resolver/binding-linux-ppc64-gnu': 11.17.1
      '@oxc-resolver/binding-linux-riscv64-gnu': 11.17.1
      '@oxc-resolver/binding-linux-riscv64-musl': 11.17.1
      '@oxc-resolver/binding-linux-s390x-gnu': 11.17.1
      '@oxc-resolver/binding-linux-x64-gnu': 11.17.1
      '@oxc-resolver/binding-linux-x64-musl': 11.17.1
      '@oxc-resolver/binding-openharmony-arm64': 11.17.1
      '@oxc-resolver/binding-wasm32-wasi': 11.17.1
      '@oxc-resolver/binding-win32-arm64-msvc': 11.17.1
      '@oxc-resolver/binding-win32-ia32-msvc': 11.17.1
      '@oxc-resolver/binding-win32-x64-msvc': 11.17.1

  oxc-transform@0.93.0:
    optionalDependencies:
      '@oxc-transform/binding-android-arm64': 0.93.0
      '@oxc-transform/binding-darwin-arm64': 0.93.0
      '@oxc-transform/binding-darwin-x64': 0.93.0
      '@oxc-transform/binding-freebsd-x64': 0.93.0
      '@oxc-transform/binding-linux-arm-gnueabihf': 0.93.0
      '@oxc-transform/binding-linux-arm-musleabihf': 0.93.0
      '@oxc-transform/binding-linux-arm64-gnu': 0.93.0
      '@oxc-transform/binding-linux-arm64-musl': 0.93.0
      '@oxc-transform/binding-linux-riscv64-gnu': 0.93.0
      '@oxc-transform/binding-linux-s390x-gnu': 0.93.0
      '@oxc-transform/binding-linux-x64-gnu': 0.93.0
      '@oxc-transform/binding-linux-x64-musl': 0.93.0
      '@oxc-transform/binding-wasm32-wasi': 0.93.0
      '@oxc-transform/binding-win32-arm64-msvc': 0.93.0
      '@oxc-transform/binding-win32-x64-msvc': 0.93.0

  pathe@2.0.3: {}

  picocolors@1.1.1: {}

  picomatch@4.0.3: {}

  quansync@1.0.0: {}

  readdirp@5.0.0: {}

  resolve-pkg-maps@1.0.0: {}

  rolldown-plugin-dts@0.22.1(oxc-resolver@11.17.1)(rolldown@1.0.0-rc.3)(typescript@5.9.3):
    dependencies:
      '@babel/generator': 8.0.0-rc.1
      '@babel/helper-validator-identifier': 8.0.0-rc.1
      '@babel/parser': 8.0.0-rc.1
      '@babel/types': 8.0.0-rc.1
      ast-kit: 3.0.0-beta.1
      birpc: 4.0.0
      dts-resolver: 2.1.3(oxc-resolver@11.17.1)
      get-tsconfig: 4.13.6
      obug: 2.1.1
      rolldown: 1.0.0-rc.3
    optionalDependencies:
      typescript: 5.9.3
    transitivePeerDependencies:
      - oxc-resolver

  rolldown@1.0.0-rc.3:
    dependencies:
      '@oxc-project/types': 0.112.0
      '@rolldown/pluginutils': 1.0.0-rc.3
    optionalDependencies:
      '@rolldown/binding-android-arm64': 1.0.0-rc.3
      '@rolldown/binding-darwin-arm64': 1.0.0-rc.3
      '@rolldown/binding-darwin-x64': 1.0.0-rc.3
      '@rolldown/binding-freebsd-x64': 1.0.0-rc.3
      '@rolldown/binding-linux-arm-gnueabihf': 1.0.0-rc.3
      '@rolldown/binding-linux-arm64-gnu': 1.0.0-rc.3
      '@rolldown/binding-linux-arm64-musl': 1.0.0-rc.3
      '@rolldown/binding-linux-x64-gnu': 1.0.0-rc.3
      '@rolldown/binding-linux-x64-musl': 1.0.0-rc.3
      '@rolldown/binding-openharmony-arm64': 1.0.0-rc.3
      '@rolldown/binding-wasm32-wasi': 1.0.0-rc.3
      '@rolldown/binding-win32-arm64-msvc': 1.0.0-rc.3
      '@rolldown/binding-win32-x64-msvc': 1.0.0-rc.3

  semver@7.7.4: {}

  std-env@3.10.0: {}

  strip-json-comments@5.0.3: {}

  tinyexec@1.0.2: {}

  tinyglobby@0.2.15:
    dependencies:
      fdir: 6.5.0(picomatch@4.0.3)
      picomatch: 4.0.3

  tree-kill@1.2.2: {}

  ts-import-resolver@0.1.23(typescript@5.9.3):
    optionalDependencies:
      typescript: 5.9.3

  tsdown@0.20.3(oxc-resolver@11.17.1)(typescript@5.9.3):
    dependencies:
      ansis: 4.2.0
      cac: 6.7.14
      defu: 6.1.4
      empathic: 2.0.0
      hookable: 6.0.1
      import-without-cache: 0.2.5
      obug: 2.1.1
      picomatch: 4.0.3
      rolldown: 1.0.0-rc.3
      rolldown-plugin-dts: 0.22.1(oxc-resolver@11.17.1)(rolldown@1.0.0-rc.3)(typescript@5.9.3)
      semver: 7.7.4
      tinyexec: 1.0.2
      tinyglobby: 0.2.15
      tree-kill: 1.2.2
      unconfig-core: 7.5.0
      unrun: 0.2.27
    optionalDependencies:
      typescript: 5.9.3
    transitivePeerDependencies:
      - '@ts-macro/tsc'
      - '@typescript/native-preview'
      - oxc-resolver
      - synckit
      - vue-tsc

  tslib@2.8.1:
    optional: true

  typescript@5.9.3: {}

  unconfig-core@7.5.0:
    dependencies:
      '@quansync/fs': 1.0.0
      quansync: 1.0.0

  undici-types@7.18.2: {}

  unrun@0.2.27:
    dependencies:
      rolldown: 1.0.0-rc.3

  zlye@0.4.4(typescript@5.9.3):
    dependencies:
      picocolors: 1.1.1
    optionalDependencies:
      typescript: 5.9.3
